{
  "name": "talk-clients-vodozemac-interop",
  "lockfileVersion": 3,
  "requires": true,
  "packages": {
    "": {
      "name": "talk-clients-vodozemac-interop",
      "license": "Apache-2.0",
      "dependencies": {
        "@matrix-org/olm": "3.2.15"
      }
    },
    "node_modules/@matrix-org/olm": {
      "version": "3.2.15",
      "resolved": "https://registry.npmjs.org/@matrix-org/olm/-/olm-3.2.15.tgz",
      "integrity": "sha512-S7lOrndAK9/8qOtaTq/WhttJC/o4GAzdfK0MUPpo8ApzsJEC0QjtwrkC3KBXdFP1cD1MXi/mlKR7aaoVMKgs6Q==",
      "license": "Apache-2.0"
    }
  }
}
